
Microsoft Visual Studio Solution File, Format Version 12.00
# Visual Studio Version 17
VisualStudioVersion = 17.8.34309.116
MinimumVisualStudioVersion = 10.0.40219.1
Project("{FAE04EC0-301F-11D3-BF4B-00C04F79EFBC}") = "WWS Trimmer", "WWS Trimmer.csproj", "{55E617F3-3A18-4EE2-874A-456E15CD9B99}"
EndProject
Global
	GlobalSection(SolutionConfigurationPlatforms) = preSolution
		Debug|Any CPU = Debug|Any CPU
		Release|Any CPU = Release|Any CPU
	EndGlobalSection
	GlobalSection(ProjectConfigurationPlatforms) = postSolution
		{55E617F3-3A18-4EE2-874A-456E15CD9B99}.Debug|Any CPU.ActiveCfg = Debug|Any CPU
		{55E617F3-3A18-4EE2-874A-456E15CD9B99}.Debug|Any CPU.Build.0 = Debug|Any CPU
		{55E617F3-3A18-4EE2-874A-456E15CD9B99}.Release|Any CPU.ActiveCfg = Release|Any CPU
		{55E617F3-3A18-4EE2-874A-456E15CD9B99}.Release|Any CPU.Build.0 = Release|Any CPU
	EndGlobalSection
	GlobalSection(SolutionProperties) = preSolution
		HideSolutionNode = FALSE
	EndGlobalSection
	GlobalSection(ExtensibilityGlobals) = postSolution
		SolutionGuid = {880E50B7-C259-453C-A86F-48124BEBB3D9}
	EndGlobalSection
EndGlobal
